
Microsoft Visual Studio Solution File, Format Version 12.00
# Visual Studio Version 17
VisualStudioVersion = 17.14.36518.9
MinimumVisualStudioVersion = 10.0.40219.1
Project("{FAE04EC0-301F-11D3-BF4B-00C04F79EFBC}") = "Training", "Training\Training.csproj", "{F5C3DAD5-D853-4322-AD49-63ABF276AB6C}"
EndProject
Project("{FAE04EC0-301F-11D3-BF4B-00C04F79EFBC}") = "ERS", "ERS\ERS.csproj", "{B9105A7D-FBB5-447A-8499-C3DFD1F4858E}"
EndProject
Project("{FAE04EC0-301F-11D3-BF4B-00C04F79EFBC}") = "dotnetCore_Training", "dotnetCore_Training\dotnetCore_Training.csproj", "{2AFDE6C3-D0D4-42C0-AB03-4E8E052DE941}"
EndProject
Global
	GlobalSection(SolutionConfigurationPlatforms) = preSolution
		Debug|Any CPU = Debug|Any CPU
		Release|Any CPU = Release|Any CPU
	EndGlobalSection
	GlobalSection(ProjectConfigurationPlatforms) = postSolution
		{F5C3DAD5-D853-4322-AD49-63ABF276AB6C}.Debug|Any CPU.ActiveCfg = Debug|Any CPU
		{F5C3DAD5-D853-4322-AD49-63ABF276AB6C}.Debug|Any CPU.Build.0 = Debug|Any CPU
		{F5C3DAD5-D853-4322-AD49-63ABF276AB6C}.Release|Any CPU.ActiveCfg = Release|Any CPU
		{F5C3DAD5-D853-4322-AD49-63ABF276AB6C}.Release|Any CPU.Build.0 = Release|Any CPU
		{B9105A7D-FBB5-447A-8499-C3DFD1F4858E}.Debug|Any CPU.ActiveCfg = Debug|Any CPU
		{B9105A7D-FBB5-447A-8499-C3DFD1F4858E}.Debug|Any CPU.Build.0 = Debug|Any CPU
		{B9105A7D-FBB5-447A-8499-C3DFD1F4858E}.Release|Any CPU.ActiveCfg = Release|Any CPU
		{B9105A7D-FBB5-447A-8499-C3DFD1F4858E}.Release|Any CPU.Build.0 = Release|Any CPU
		{2AFDE6C3-D0D4-42C0-AB03-4E8E052DE941}.Debug|Any CPU.ActiveCfg = Debug|Any CPU
		{2AFDE6C3-D0D4-42C0-AB03-4E8E052DE941}.Debug|Any CPU.Build.0 = Debug|Any CPU
		{2AFDE6C3-D0D4-42C0-AB03-4E8E052DE941}.Release|Any CPU.ActiveCfg = Release|Any CPU
		{2AFDE6C3-D0D4-42C0-AB03-4E8E052DE941}.Release|Any CPU.Build.0 = Release|Any CPU
	EndGlobalSection
	GlobalSection(SolutionProperties) = preSolution
		HideSolutionNode = FALSE
	EndGlobalSection
	GlobalSection(ExtensibilityGlobals) = postSolution
		SolutionGuid = {141E5552-D018-4490-BA79-2FC4207DDB5E}
	EndGlobalSection
EndGlobal
